{
  "requires": true,
  "lockfileVersion": 1,
  "dependencies": {
    "gitbook-plugin-github": {
      "version": "2.0.0",
      "resolved": "https://registry.npmjs.org/gitbook-plugin-github/-/gitbook-plugin-github-2.0.0.tgz",
      "integrity": "sha1-UWbnY8/MQC1DKIC3pshcHFS1ao0=",
      "dev": true
    },
    "vue2-simplert": {
      "version": "1.0.0",
      "resolved": "https://registry.npmjs.org/vue2-simplert/-/vue2-simplert-1.0.0.tgz",
      "integrity": "sha512-ofwOJsAk2vRRdYA6UB+RDdoM00rY+s9iPX+LcqCTssba2TGfphNXgdct5rnfH0NQ9+Iy4E3LwZ14olvlLq1SHw==",
      "dev": true,
      "requires": {
        "gitbook-plugin-github": "^2.0.0",
        "vue2-simplert-core": "1.0.3"
      }
    },
    "vue2-simplert-core": {
      "version": "1.0.3",
      "resolved": "https://registry.npmjs.org/vue2-simplert-core/-/vue2-simplert-core-1.0.3.tgz",
      "integrity": "sha512-yKDS5jkp/VAyCYS+AxHT4bFJzysfdCKQMQzu7eAOqAJuRMewp2JH+fPcS+NlOifp7sD04fGBmMtgMj1Btegdfw==",
      "dev": true
    }
  }
}
